
Microsoft Visual Studio Solution File, Format Version 12.00
# Visual Studio 15
VisualStudioVersion = 15.0.27130.2010
MinimumVisualStudioVersion = 10.0.40219.1
Project("{FAE04EC0-301F-11D3-BF4B-00C04F79EFBC}") = "Devsoft.Core", "Devsoft.Core\Devsoft.Core.csproj", "{D84FADB2-020A-4743-A40F-787F7B120959}"
EndProject
Project("{FAE04EC0-301F-11D3-BF4B-00C04F79EFBC}") = "Devsoft.Consola", "Devsoft.Consola\Devsoft.Consola.csproj", "{78E8BC15-6850-46F4-AEA3-CCD0CFEFE593}"
EndProject
Global
	GlobalSection(SolutionConfigurationPlatforms) = preSolution
		Debug|Any CPU = Debug|Any CPU
		Release|Any CPU = Release|Any CPU
	EndGlobalSection
	GlobalSection(ProjectConfigurationPlatforms) = postSolution
		{D84FADB2-020A-4743-A40F-787F7B120959}.Debug|Any CPU.ActiveCfg = Debug|Any CPU
		{D84FADB2-020A-4743-A40F-787F7B120959}.Debug|Any CPU.Build.0 = Debug|Any CPU
		{D84FADB2-020A-4743-A40F-787F7B120959}.Release|Any CPU.ActiveCfg = Release|Any CPU
		{D84FADB2-020A-4743-A40F-787F7B120959}.Release|Any CPU.Build.0 = Release|Any CPU
		{78E8BC15-6850-46F4-AEA3-CCD0CFEFE593}.Debug|Any CPU.ActiveCfg = Debug|Any CPU
		{78E8BC15-6850-46F4-AEA3-CCD0CFEFE593}.Debug|Any CPU.Build.0 = Debug|Any CPU
		{78E8BC15-6850-46F4-AEA3-CCD0CFEFE593}.Release|Any CPU.ActiveCfg = Release|Any CPU
		{78E8BC15-6850-46F4-AEA3-CCD0CFEFE593}.Release|Any CPU.Build.0 = Release|Any CPU
	EndGlobalSection
	GlobalSection(SolutionProperties) = preSolution
		HideSolutionNode = FALSE
	EndGlobalSection
	GlobalSection(ExtensibilityGlobals) = postSolution
		SolutionGuid = {DF5E884D-0080-49FA-B58A-2E06508E4DE1}
	EndGlobalSection
EndGlobal
